
Microsoft Visual Studio Solution File, Format Version 12.00
# Visual Studio Version 17
VisualStudioVersion = 17.7.34024.191
MinimumVisualStudioVersion = 10.0.40219.1
Project("{FAE04EC0-301F-11D3-BF4B-00C04F79EFBC}") = "CarritoAPI", "CarritoAPI\CarritoAPI.csproj", "{E56BBB1C-6A07-4BDE-907B-31122D55408B}"
EndProject
Project("{FAE04EC0-301F-11D3-BF4B-00C04F79EFBC}") = "Datos", "Datos\Datos.csproj", "{69737387-ECAF-45C3-BEF4-7C6302284BF5}"
EndProject
Global
	GlobalSection(SolutionConfigurationPlatforms) = preSolution
		Debug|Any CPU = Debug|Any CPU
		Release|Any CPU = Release|Any CPU
	EndGlobalSection
	GlobalSection(ProjectConfigurationPlatforms) = postSolution
		{E56BBB1C-6A07-4BDE-907B-31122D55408B}.Debug|Any CPU.ActiveCfg = Debug|Any CPU
		{E56BBB1C-6A07-4BDE-907B-31122D55408B}.Debug|Any CPU.Build.0 = Debug|Any CPU
		{E56BBB1C-6A07-4BDE-907B-31122D55408B}.Release|Any CPU.ActiveCfg = Release|Any CPU
		{E56BBB1C-6A07-4BDE-907B-31122D55408B}.Release|Any CPU.Build.0 = Release|Any CPU
		{69737387-ECAF-45C3-BEF4-7C6302284BF5}.Debug|Any CPU.ActiveCfg = Debug|Any CPU
		{69737387-ECAF-45C3-BEF4-7C6302284BF5}.Debug|Any CPU.Build.0 = Debug|Any CPU
		{69737387-ECAF-45C3-BEF4-7C6302284BF5}.Release|Any CPU.ActiveCfg = Release|Any CPU
		{69737387-ECAF-45C3-BEF4-7C6302284BF5}.Release|Any CPU.Build.0 = Release|Any CPU
	EndGlobalSection
	GlobalSection(SolutionProperties) = preSolution
		HideSolutionNode = FALSE
	EndGlobalSection
	GlobalSection(ExtensibilityGlobals) = postSolution
		SolutionGuid = {6D1539E2-B107-46C0-9A4F-D8FC9B01B14A}
	EndGlobalSection
EndGlobal
